<?xml version="1.0" encoding="utf-8"?>
<Project ToolsVersion="4.0" xmlns="http://schemas.microsoft.com/developer/msbuild/2003">
  <ItemGroup>
    <Filter Include="Source Files">
      <UniqueIdentifier>{4FC737F1-C7A5-4376-A066-2A32D752A2FF}</UniqueIdentifier>
      <Extensions>cpp;c;cc;cxx;c++;cppm;ixx;def;odl;idl;hpj;bat;asm;asmx</Extensions>
    </Filter>
    <Filter Include="Header Files">
      <UniqueIdentifier>{93995380-89BD-4b04-88EB-625FBE52EBFB}</UniqueIdentifier>
      <Extensions>h;hh;hpp;hxx;h++;hm;inl;inc;ipp;xsd</Extensions>
    </Filter>
    <Filter Include="Resource Files">
      <UniqueIdentifier>{67DA6AB6-F800-4c08-8B7A-83BB121AAD01}</UniqueIdentifier>
      <Extensions>rc;ico;cur;bmp;dlg;rc2;rct;bin;rgs;gif;jpg;jpeg;jpe;resx;tiff;tif;png;wav;mfcribbon-ms</Extensions>
    </Filter>
    <Filter Include="Source Files\Internals">
      <UniqueIdentifier>{6403b305-1e92-46c0-91f2-b9ebe18ad8bf}</UniqueIdentifier>
    </Filter>
    <Filter Include="Source Files\Internals\InputSystem">
      <UniqueIdentifier>{3d0d5da9-bc2e-4816-ab46-7aa4b429b000}</UniqueIdentifier>
    </Filter>
    <Filter Include="Source Files\Internals\StateMachine">
      <UniqueIdentifier>{932b1bbb-e0b8-4849-ad8a-eb4b6e3284b9}</UniqueIdentifier>
    </Filter>
    <Filter Include="Source Files\Internals\AssetManager">
      <UniqueIdentifier>{c80056cd-5938-4fba-8e95-92110b03d881}</UniqueIdentifier>
    </Filter>
    <Filter Include="Header Files\Internals">
      <UniqueIdentifier>{be81bd6d-9f83-48cc-9b3e-9c446afb88a5}</UniqueIdentifier>
    </Filter>
    <Filter Include="Header Files\Internals\InputSystem">
      <UniqueIdentifier>{a84451c1-6bc9-4882-b5ce-a07abd0cf250}</UniqueIdentifier>
    </Filter>
    <Filter Include="Header Files\Internals\State">
      <UniqueIdentifier>{13c84bc2-595c-4bba-8048-a57058c28694}</UniqueIdentifier>
    </Filter>
    <Filter Include="Header Files\Internals\AssetManager">
      <UniqueIdentifier>{1f5894ac-d3ca-4447-9edf-0dd48a3d0850}</UniqueIdentifier>
    </Filter>
    <Filter Include="Header Files\Internals\logger">
      <UniqueIdentifier>{13ed9c35-c5f6-43e6-8015-ef231785f2cb}</UniqueIdentifier>
    </Filter>
    <Filter Include="Source Files\Internals\logger">
      <UniqueIdentifier>{9ce3ce95-b1ae-440c-b985-4c5d6878244c}</UniqueIdentifier>
    </Filter>
    <Filter Include="Header Files\Internals\ECS">
      <UniqueIdentifier>{323f651f-256e-4008-af26-d63bc4d5dbfa}</UniqueIdentifier>
    </Filter>
    <Filter Include="Header Files\Internals\Util">
      <UniqueIdentifier>{c460774d-cde3-4e37-a9fa-0663553ad269}</UniqueIdentifier>
    </Filter>
  </ItemGroup>
  <ItemGroup>
    <ClCompile Include="InputSystem.cpp">
      <Filter>Source Files\Internals\InputSystem</Filter>
    </ClCompile>
    <ClCompile Include="StartState.cpp">
      <Filter>Source Files</Filter>
    </ClCompile>
    <ClCompile Include="main.cpp">
      <Filter>Source Files\Internals</Filter>
    </ClCompile>
    <ClCompile Include="Engine.cpp">
      <Filter>Source Files\Internals</Filter>
    </ClCompile>
    <ClCompile Include="StateMachine.cpp">
      <Filter>Source Files\Internals\StateMachine</Filter>
    </ClCompile>
    <ClCompile Include="AssetManager.cpp">
      <Filter>Source Files\Internals\AssetManager</Filter>
    </ClCompile>
    <ClCompile Include="logger.cpp">
      <Filter>Source Files\Internals\logger</Filter>
    </ClCompile>
    <ClCompile Include="Level1.cpp">
      <Filter>Source Files</Filter>
    </ClCompile>
    <ClCompile Include="NBody.cpp">
      <Filter>Source Files</Filter>
    </ClCompile>
    <ClCompile Include="BenchmarkState.cpp">
      <Filter>Source Files</Filter>
    </ClCompile>
    <ClCompile Include="ECS.cpp">
      <Filter>Source Files\Internals</Filter>
    </ClCompile>
    <ClCompile Include="FusionBenchmark.cpp">
      <Filter>Source Files</Filter>
    </ClCompile>
    <ClCompile Include="PhysicsSystem.h">
      <Filter>Header Files\Internals</Filter>
    </ClCompile>
    <ClCompile Include="AnimationSystem.cpp">
      <Filter>Source Files\Internals</Filter>
    </ClCompile>
    <ClCompile Include="PhysicsSystem.cpp">
      <Filter>Source Files\Internals</Filter>
    </ClCompile>
    <ClCompile Include="Struct.cpp">
      <Filter>Source Files\Internals</Filter>
    </ClCompile>
    <ClCompile Include="State.cpp">
      <Filter>Source Files\Internals\StateMachine</Filter>
    </ClCompile>
  </ItemGroup>
  <ItemGroup>
    <ClInclude Include="ECS.h">
      <Filter>Header Files\Internals\ECS</Filter>
    </ClInclude>
    <ClInclude Include="RenderComponent.h">
      <Filter>Header Files\Internals\ECS</Filter>
    </ClInclude>
    <ClInclude Include="State.h">
      <Filter>Header Files\Internals\State</Filter>
    </ClInclude>
    <ClInclude Include="StateMachine.h">
      <Filter>Header Files\Internals\State</Filter>
    </ClInclude>
    <ClInclude Include="MeshComponent.h">
      <Filter>Header Files\Internals\ECS</Filter>
    </ClInclude>
    <ClInclude Include="SimpleSprite.h">
      <Filter>Header Files\Internals\ECS</Filter>
    </ClInclude>
    <ClInclude Include="InputSystem.h">
      <Filter>Header Files\Internals\InputSystem</Filter>
    </ClInclude>
    <ClInclude Include="AssetManager.h">
      <Filter>Header Files\Internals\AssetManager</Filter>
    </ClInclude>
    <ClInclude Include="Engine.h">
      <Filter>Header Files\Internals</Filter>
    </ClInclude>
    <ClInclude Include="StartState.h">
      <Filter>Header Files</Filter>
    </ClInclude>
    <ClInclude Include="logger.h">
      <Filter>Header Files\Internals\logger</Filter>
    </ClInclude>
    <ClInclude Include="Level1.h">
      <Filter>Header Files</Filter>
    </ClInclude>
    <ClInclude Include="NBody.h">
      <Filter>Header Files</Filter>
    </ClInclude>
    <ClInclude Include="InputComponent.h">
      <Filter>Header Files\Internals\ECS</Filter>
    </ClInclude>
    <ClInclude Include="BenchmarkState.h">
      <Filter>Header Files</Filter>
    </ClInclude>
    <ClInclude Include="FusionBenchmark.h">
      <Filter>Header Files</Filter>
    </ClInclude>
    <ClInclude Include="AnimationSystem.h">
      <Filter>Header Files\Internals</Filter>
    </ClInclude>
    <ClInclude Include="Blackboard.h">
      <Filter>Header Files\Internals\Util</Filter>
    </ClInclude>
    <ClInclude Include="Struct.h">
      <Filter>Header Files\Internals\Util</Filter>
    </ClInclude>
    <ClInclude Include="SharedDataRef.h">
      <Filter>Header Files\Internals\Util</Filter>
    </ClInclude>
    <ClInclude Include="Transform.h">
      <Filter>Header Files\Internals\ECS</Filter>
    </ClInclude>
    <ClInclude Include="RigidBody.h">
      <Filter>Header Files\Internals\ECS</Filter>
    </ClInclude>
  </ItemGroup>
</Project>